
Microsoft Visual Studio Solution File, Format Version 12.00
# Visual Studio Version 17
VisualStudioVersion = 17.11.35312.102
MinimumVisualStudioVersion = 10.0.40219.1
Project("{FAE04EC0-301F-11D3-BF4B-00C04F79EFBC}") = "01.10 hw", "01.10 hw\01.10 hw.csproj", "{348F71E8-719E-49CD-A09B-28D3CECD0C40}"
EndProject
Global
	GlobalSection(SolutionConfigurationPlatforms) = preSolution
		Debug|Any CPU = Debug|Any CPU
		Release|Any CPU = Release|Any CPU
	EndGlobalSection
	GlobalSection(ProjectConfigurationPlatforms) = postSolution
		{348F71E8-719E-49CD-A09B-28D3CECD0C40}.Debug|Any CPU.ActiveCfg = Debug|Any CPU
		{348F71E8-719E-49CD-A09B-28D3CECD0C40}.Debug|Any CPU.Build.0 = Debug|Any CPU
		{348F71E8-719E-49CD-A09B-28D3CECD0C40}.Release|Any CPU.ActiveCfg = Release|Any CPU
		{348F71E8-719E-49CD-A09B-28D3CECD0C40}.Release|Any CPU.Build.0 = Release|Any CPU
	EndGlobalSection
	GlobalSection(SolutionProperties) = preSolution
		HideSolutionNode = FALSE
	EndGlobalSection
	GlobalSection(ExtensibilityGlobals) = postSolution
		SolutionGuid = {A102A992-6EDD-4524-AB4D-3B508D89DF80}
	EndGlobalSection
EndGlobal
